
Microsoft Visual Studio Solution File, Format Version 12.00
# Visual Studio 15
VisualStudioVersion = 15.0.28307.572
MinimumVisualStudioVersion = 10.0.40219.1
Project("{888888A0-9F3D-457C-B088-3A5042F75D52}") = "260Project", "260Project\260Project.pyproj", "{D965B14F-378C-44E4-9D0B-D08C6C610D33}"
EndProject
Global
	GlobalSection(SolutionConfigurationPlatforms) = preSolution
		Debug|Any CPU = Debug|Any CPU
		Release|Any CPU = Release|Any CPU
	EndGlobalSection
	GlobalSection(ProjectConfigurationPlatforms) = postSolution
		{D965B14F-378C-44E4-9D0B-D08C6C610D33}.Debug|Any CPU.ActiveCfg = Debug|Any CPU
		{D965B14F-378C-44E4-9D0B-D08C6C610D33}.Release|Any CPU.ActiveCfg = Release|Any CPU
	EndGlobalSection
	GlobalSection(SolutionProperties) = preSolution
		HideSolutionNode = FALSE
	EndGlobalSection
	GlobalSection(ExtensibilityGlobals) = postSolution
		SolutionGuid = {2B7E9739-258B-4654-BFAC-300643755D59}
	EndGlobalSection
EndGlobal
